# This file is automatically @generated by Poetry 2.2.1 and should not be changed by hand.

[[package]]
name = "uuid"
version = "1.30"
description = "UUID object and generation functions (Python 2.3 or higher)"
optional = false
python-versions = "*"
groups = ["main"]
files = [
    {file = "uuid-1.30.tar.gz", hash = "sha256:1f87cc004ac5120466f36c5beae48b4c48cc411968eed0eaecd3da82aa96193f"},
]

[metadata]
lock-version = "2.1"
python-versions = ">=3.12"
content-hash = "2872253a174af2028f53a2815c58864077470789716b5b6824567bc421d01a33"
